
Microsoft Visual Studio Solution File, Format Version 12.00
# Visual Studio 15
VisualStudioVersion = 15.0.28010.2003
MinimumVisualStudioVersion = 10.0.40219.1
Project("{FAE04EC0-301F-11D3-BF4B-00C04F79EFBC}") = "TennisPro", "TennisPro\TennisPro.csproj", "{22B6FB6F-6DC3-439A-9392-D746AA198F91}"
EndProject
Project("{FAE04EC0-301F-11D3-BF4B-00C04F79EFBC}") = "TennisPro.Domain", "TennisPro.Domain\TennisPro.Domain.csproj", "{7E3792D9-0022-4AC1-83E4-AC235C63F92A}"
EndProject
Project("{FAE04EC0-301F-11D3-BF4B-00C04F79EFBC}") = "TennisPro.Business", "TennisPro.Business\TennisPro.Business.csproj", "{CCCD41B8-69D6-491C-A546-6EAABE25AA3C}"
EndProject
Project("{FAE04EC0-301F-11D3-BF4B-00C04F79EFBC}") = "TennisPro.Business.Test", "TennisPro.Business.Test\TennisPro.Business.Test.csproj", "{329695D3-0F51-4D02-9EDB-019C73F76362}"
EndProject
Global
	GlobalSection(SolutionConfigurationPlatforms) = preSolution
		Debug|Any CPU = Debug|Any CPU
		Release|Any CPU = Release|Any CPU
	EndGlobalSection
	GlobalSection(ProjectConfigurationPlatforms) = postSolution
		{22B6FB6F-6DC3-439A-9392-D746AA198F91}.Debug|Any CPU.ActiveCfg = Debug|Any CPU
		{22B6FB6F-6DC3-439A-9392-D746AA198F91}.Debug|Any CPU.Build.0 = Debug|Any CPU
		{22B6FB6F-6DC3-439A-9392-D746AA198F91}.Release|Any CPU.ActiveCfg = Release|Any CPU
		{22B6FB6F-6DC3-439A-9392-D746AA198F91}.Release|Any CPU.Build.0 = Release|Any CPU
		{7E3792D9-0022-4AC1-83E4-AC235C63F92A}.Debug|Any CPU.ActiveCfg = Debug|Any CPU
		{7E3792D9-0022-4AC1-83E4-AC235C63F92A}.Debug|Any CPU.Build.0 = Debug|Any CPU
		{7E3792D9-0022-4AC1-83E4-AC235C63F92A}.Release|Any CPU.ActiveCfg = Release|Any CPU
		{7E3792D9-0022-4AC1-83E4-AC235C63F92A}.Release|Any CPU.Build.0 = Release|Any CPU
		{CCCD41B8-69D6-491C-A546-6EAABE25AA3C}.Debug|Any CPU.ActiveCfg = Debug|Any CPU
		{CCCD41B8-69D6-491C-A546-6EAABE25AA3C}.Debug|Any CPU.Build.0 = Debug|Any CPU
		{CCCD41B8-69D6-491C-A546-6EAABE25AA3C}.Release|Any CPU.ActiveCfg = Release|Any CPU
		{CCCD41B8-69D6-491C-A546-6EAABE25AA3C}.Release|Any CPU.Build.0 = Release|Any CPU
		{329695D3-0F51-4D02-9EDB-019C73F76362}.Debug|Any CPU.ActiveCfg = Debug|Any CPU
		{329695D3-0F51-4D02-9EDB-019C73F76362}.Debug|Any CPU.Build.0 = Debug|Any CPU
		{329695D3-0F51-4D02-9EDB-019C73F76362}.Release|Any CPU.ActiveCfg = Release|Any CPU
		{329695D3-0F51-4D02-9EDB-019C73F76362}.Release|Any CPU.Build.0 = Release|Any CPU
	EndGlobalSection
	GlobalSection(SolutionProperties) = preSolution
		HideSolutionNode = FALSE
	EndGlobalSection
	GlobalSection(ExtensibilityGlobals) = postSolution
		SolutionGuid = {16951AF9-0C03-46E2-AC36-24D40C13E417}
	EndGlobalSection
EndGlobal
